
Microsoft Visual Studio Solution File, Format Version 12.00
# Visual Studio Version 17
VisualStudioVersion = 17.12.35707.178
MinimumVisualStudioVersion = 10.0.40219.1
Project("{FAE04EC0-301F-11D3-BF4B-00C04F79EFBC}") = "Day1", "Day1\Day1.csproj", "{CE2EFBE4-AD8F-4C90-9233-2991BE60FB6F}"
EndProject
Project("{FAE04EC0-301F-11D3-BF4B-00C04F79EFBC}") = "Task19-1", "Task19-1\Task19-1.csproj", "{4C9DCACF-CC07-4604-BDC2-B3BD6397A0AC}"
EndProject
Project("{FAE04EC0-301F-11D3-BF4B-00C04F79EFBC}") = "task 20-1", "task 20-1\task 20-1.csproj", "{60A3C6CD-10F8-4AA4-8874-DD207D1CB7B6}"
EndProject
Project("{FAE04EC0-301F-11D3-BF4B-00C04F79EFBC}") = "task 21_1", "task 21_1\task 21_1.csproj", "{EC84F0C7-FACA-4962-A78F-A2144C6EA501}"
EndProject
Project("{FAE04EC0-301F-11D3-BF4B-00C04F79EFBC}") = "task_22-1", "task_22-1\task_22-1.csproj", "{676C80F7-1EF5-4FFF-B543-FCD88786CDF8}"
EndProject
Global
	GlobalSection(SolutionConfigurationPlatforms) = preSolution
		Debug|Any CPU = Debug|Any CPU
		Release|Any CPU = Release|Any CPU
	EndGlobalSection
	GlobalSection(ProjectConfigurationPlatforms) = postSolution
		{CE2EFBE4-AD8F-4C90-9233-2991BE60FB6F}.Debug|Any CPU.ActiveCfg = Debug|Any CPU
		{CE2EFBE4-AD8F-4C90-9233-2991BE60FB6F}.Debug|Any CPU.Build.0 = Debug|Any CPU
		{CE2EFBE4-AD8F-4C90-9233-2991BE60FB6F}.Release|Any CPU.ActiveCfg = Release|Any CPU
		{CE2EFBE4-AD8F-4C90-9233-2991BE60FB6F}.Release|Any CPU.Build.0 = Release|Any CPU
		{4C9DCACF-CC07-4604-BDC2-B3BD6397A0AC}.Debug|Any CPU.ActiveCfg = Debug|Any CPU
		{4C9DCACF-CC07-4604-BDC2-B3BD6397A0AC}.Debug|Any CPU.Build.0 = Debug|Any CPU
		{4C9DCACF-CC07-4604-BDC2-B3BD6397A0AC}.Release|Any CPU.ActiveCfg = Release|Any CPU
		{4C9DCACF-CC07-4604-BDC2-B3BD6397A0AC}.Release|Any CPU.Build.0 = Release|Any CPU
		{60A3C6CD-10F8-4AA4-8874-DD207D1CB7B6}.Debug|Any CPU.ActiveCfg = Debug|Any CPU
		{60A3C6CD-10F8-4AA4-8874-DD207D1CB7B6}.Debug|Any CPU.Build.0 = Debug|Any CPU
		{60A3C6CD-10F8-4AA4-8874-DD207D1CB7B6}.Release|Any CPU.ActiveCfg = Release|Any CPU
		{60A3C6CD-10F8-4AA4-8874-DD207D1CB7B6}.Release|Any CPU.Build.0 = Release|Any CPU
		{EC84F0C7-FACA-4962-A78F-A2144C6EA501}.Debug|Any CPU.ActiveCfg = Debug|Any CPU
		{EC84F0C7-FACA-4962-A78F-A2144C6EA501}.Debug|Any CPU.Build.0 = Debug|Any CPU
		{EC84F0C7-FACA-4962-A78F-A2144C6EA501}.Release|Any CPU.ActiveCfg = Release|Any CPU
		{EC84F0C7-FACA-4962-A78F-A2144C6EA501}.Release|Any CPU.Build.0 = Release|Any CPU
		{676C80F7-1EF5-4FFF-B543-FCD88786CDF8}.Debug|Any CPU.ActiveCfg = Debug|Any CPU
		{676C80F7-1EF5-4FFF-B543-FCD88786CDF8}.Debug|Any CPU.Build.0 = Debug|Any CPU
		{676C80F7-1EF5-4FFF-B543-FCD88786CDF8}.Release|Any CPU.ActiveCfg = Release|Any CPU
		{676C80F7-1EF5-4FFF-B543-FCD88786CDF8}.Release|Any CPU.Build.0 = Release|Any CPU
	EndGlobalSection
	GlobalSection(SolutionProperties) = preSolution
		HideSolutionNode = FALSE
	EndGlobalSection
EndGlobal
